
Microsoft Visual Studio Solution File, Format Version 12.00
# Visual Studio Version 16
VisualStudioVersion = 25.0.1703.6
MinimumVisualStudioVersion = 10.0.40219.1
Project("{FAE04EC0-301F-11D3-BF4B-00C04F79EFBC}") = "FuckSunrun", "FuckSunrun\FuckSunrun.csproj", "{30BE283C-81D1-462C-B0BC-59E5E3B60FD9}"
EndProject
Global
	GlobalSection(SolutionConfigurationPlatforms) = preSolution
		Debug|Any CPU = Debug|Any CPU
		Release|Any CPU = Release|Any CPU
	EndGlobalSection
	GlobalSection(ProjectConfigurationPlatforms) = postSolution
		{30BE283C-81D1-462C-B0BC-59E5E3B60FD9}.Debug|Any CPU.ActiveCfg = Debug|Any CPU
		{30BE283C-81D1-462C-B0BC-59E5E3B60FD9}.Debug|Any CPU.Build.0 = Debug|Any CPU
		{30BE283C-81D1-462C-B0BC-59E5E3B60FD9}.Release|Any CPU.ActiveCfg = Release|Any CPU
		{30BE283C-81D1-462C-B0BC-59E5E3B60FD9}.Release|Any CPU.Build.0 = Release|Any CPU
	EndGlobalSection
	GlobalSection(SolutionProperties) = preSolution
		HideSolutionNode = FALSE
	EndGlobalSection
	GlobalSection(ExtensibilityGlobals) = postSolution
		SolutionGuid = {1C458601-DA50-4B81-B0F4-1CCD89E8E699}
	EndGlobalSection
EndGlobal
